
Microsoft Visual Studio Solution File, Format Version 12.00
Project("{FAE04EC0-301F-11D3-BF4B-00C04F79EFBC}") = "WorkoutNest.IDP", "src\WorkoutNest.IDP\WorkoutNest.IDP.csproj", "{6894283F-19BC-48DC-BAB2-1BBCFF036918}"
EndProject
Project("{2150E333-8FDC-42A3-9474-1A3956D46DE8}") = "src", "src", "{1717226E-12F2-498C-887D-9A029A830E2E}"
EndProject
Global
	GlobalSection(SolutionConfigurationPlatforms) = preSolution
		Debug|Any CPU = Debug|Any CPU
		Release|Any CPU = Release|Any CPU
	EndGlobalSection
	GlobalSection(ProjectConfigurationPlatforms) = postSolution
		{6894283F-19BC-48DC-BAB2-1BBCFF036918}.Debug|Any CPU.ActiveCfg = Debug|Any CPU
		{6894283F-19BC-48DC-BAB2-1BBCFF036918}.Debug|Any CPU.Build.0 = Debug|Any CPU
		{6894283F-19BC-48DC-BAB2-1BBCFF036918}.Release|Any CPU.ActiveCfg = Release|Any CPU
		{6894283F-19BC-48DC-BAB2-1BBCFF036918}.Release|Any CPU.Build.0 = Release|Any CPU
	EndGlobalSection
	GlobalSection(NestedProjects) = preSolution
		{6894283F-19BC-48DC-BAB2-1BBCFF036918} = {1717226E-12F2-498C-887D-9A029A830E2E}
	EndGlobalSection
EndGlobal
